{
  "originHash" : "60eb9c1d9df08731e5d4d199ee1f1bf519172ffdd983a98c6bc12ad21bd058c7",
  "pins" : [
    {
      "identity" : "grdb.swift",
      "kind" : "remoteSourceControl",
      "location" : "https://github.com/groue/GRDB.swift",
      "state" : {
        "revision" : "9ed8c8457e00ff9c7aedb3bf213f20a2cfdf509e",
        "version" : "7.11.0"
      }
    },
    {
      "identity" : "whisper.spm",
      "kind" : "remoteSourceControl",
      "location" : "https://github.com/ggml-org/whisper.spm",
      "state" : {
        "branch" : "master",
        "revision" : "a2085436c2eb796af90956b62bd64731f5e5b823"
      }
    }
  ],
  "version" : 3
}
